// !$*UTF8*$!
{
	archiveVersion = 1;
	classes = {
	};
	objectVersion = 55;
	objects = {

/* Begin PBXBuildFile section */
		873B255328FE963D003E2516 /* tvApp2App.swift in Sources */ = {isa = PBXBuildFile; fileRef = 873B255228FE963D003E2516 /* tvApp2App.swift */; };
		873B255528FE963D003E2516 /* ContentView.swift in Sources */ = {isa = PBXBuildFile; fileRef = 873B255428FE963D003E2516 /* ContentView.swift */; };
		873B255728FE963E003E2516 /* Assets.xcassets in Resources */ = {isa = PBXBuildFile; fileRef = 873B255628FE963E003E2516 /* Assets.xcassets */; };
		873B255A28FE963E003E2516 /* Preview Assets.xcassets in Resources */ = {isa = PBXBuildFile; fileRef = 873B255928FE963E003E2516 /* Preview Assets.xcassets */; };
		873B256128FE96D7003E2516 /* Dictionary.swift in Sources */ = {isa = PBXBuildFile; fileRef = 873B256028FE96D7003E2516 /* Dictionary.swift */; };
		873B256328FE9761003E2516 /* WRDString.swift in Sources */ = {isa = PBXBuildFile; fileRef = 873B256228FE9761003E2516 /* WRDString.swift */; };
/* End PBXBuildFile section */

/* Begin PBXFileReference section */
		873A336A29336CAE007A8B5B /* Intents.framework */ = {isa = PBXFileReference; lastKnownFileType = wrapper.framework; name = Intents.framework; path = System/Library/Frameworks/Intents.framework; sourceTree = SDKROOT; };
		873A336B29336CAF007A8B5B /* IntentsUI.framework */ = {isa = PBXFileReference; lastKnownFileType = wrapper.framework; name = IntentsUI.framework; path = System/Library/Frameworks/IntentsUI.framework; sourceTree = SDKROOT; };
		873B254F28FE963D003E2516 /* tvApp2.app */ = {isa = PBXFileReference; explicitFileType = wrapper.application; includeInIndex = 0; path = tvApp2.app; sourceTree = BUILT_PRODUCTS_DIR; };
		873B255228FE963D003E2516 /* tvApp2App.swift */ = {isa = PBXFileReference; lastKnownFileType = sourcecode.swift; path = tvApp2App.swift; sourceTree = "<group>"; };
		873B255428FE963D003E2516 /* ContentView.swift */ = {isa = PBXFileReference; lastKnownFileType = sourcecode.swift; path = ContentView.swift; sourceTree = "<group>"; };
		873B255628FE963E003E2516 /* Assets.xcassets */ = {isa = PBXFileReference; lastKnownFileType = folder.assetcatalog; path = Assets.xcassets; sourceTree = "<group>"; };
		873B255928FE963E003E2516 /* Preview Assets.xcassets */ = {isa = PBXFileReference; lastKnownFileType = folder.assetcatalog; path = "Preview Assets.xcassets"; sourceTree = "<group>"; };
		873B256028FE96D7003E2516 /* Dictionary.swift */ = {isa = PBXFileReference; fileEncoding = 4; lastKnownFileType = sourcecode.swift; path = Dictionary.swift; sourceTree = "<group>"; };
		873B256228FE9761003E2516 /* WRDString.swift */ = {isa = PBXFileReference; fileEncoding = 4; lastKnownFileType = sourcecode.swift; path = WRDString.swift; sourceTree = "<group>"; };
		8745B96629324E6D00C24DB4 /* tvApp2.entitlements */ = {isa = PBXFileReference; lastKnownFileType = text.plist.entitlements; path = tvApp2.entitlements; sourceTree = "<group>"; };
/* End PBXFileReference section */

/* Begin PBXFrameworksBuildPhase section */
		873B254C28FE963C003E2516 /* Frameworks */ = {
			isa = PBXFrameworksBuildPhase;
			buildActionMask = 2147483647;
			files = (
			);
			runOnlyForDeploymentPostprocessing = 0;
		};
/* End PBXFrameworksBuildPhase section */

/* Begin PBXGroup section */
		873A336929336CAE007A8B5B /* Frameworks */ = {
			isa = PBXGroup;
			children = (
				873A336A29336CAE007A8B5B /* Intents.framework */,
				873A336B29336CAF007A8B5B /* IntentsUI.framework */,
			);
			name = Frameworks;
			sourceTree = "<group>";
		};
		873B254628FE963C003E2516 = {
			isa = PBXGroup;
			children = (
				873B255128FE963D003E2516 /* tvApp2 */,
				873B255028FE963D003E2516 /* Products */,
				873A336929336CAE007A8B5B /* Frameworks */,
			);
			sourceTree = "<group>";
		};
		873B255028FE963D003E2516 /* Products */ = {
			isa = PBXGroup;
			children = (
				873B254F28FE963D003E2516 /* tvApp2.app */,
			);
			name = Products;
			sourceTree = "<group>";
		};
		873B255128FE963D003E2516 /* tvApp2 */ = {
			isa = PBXGroup;
			children = (
				8745B96629324E6D00C24DB4 /* tvApp2.entitlements */,
				873B256228FE9761003E2516 /* WRDString.swift */,
				873B256028FE96D7003E2516 /* Dictionary.swift */,
				873B255228FE963D003E2516 /* tvApp2App.swift */,
				873B255428FE963D003E2516 /* ContentView.swift */,
				873B255628FE963E003E2516 /* Assets.xcassets */,
				873B255828FE963E003E2516 /* Preview Content */,
			);
			path = tvApp2;
			sourceTree = "<group>";
		};
		873B255828FE963E003E2516 /* Preview Content */ = {
			isa = PBXGroup;
			children = (
				873B255928FE963E003E2516 /* Preview Assets.xcassets */,
			);
			path = "Preview Content";
			sourceTree = "<group>";
		};
/* End PBXGroup section */

/* Begin PBXNativeTarget section */
		873B254E28FE963C003E2516 /* tvApp2 */ = {
			isa = PBXNativeTarget;
			buildConfigurationList = 873B255D28FE963E003E2516 /* Build configuration list for PBXNativeTarget "tvApp2" */;
			buildPhases = (
				873B254B28FE963C003E2516 /* Sources */,
				873B254C28FE963C003E2516 /* Frameworks */,
				873B254D28FE963C003E2516 /* Resources */,
			);
			buildRules = (
			);
			dependencies = (
			);
			name = tvApp2;
			productName = tvApp2;
			productReference = 873B254F28FE963D003E2516 /* tvApp2.app */;
			productType = "com.apple.product-type.application";
		};
/* End PBXNativeTarget section */

/* Begin PBXProject section */
		873B254728FE963C003E2516 /* Project object */ = {
			isa = PBXProject;
			attributes = {
				BuildIndependentTargetsInParallel = 1;
				LastSwiftUpdateCheck = 1330;
				LastUpgradeCheck = 1330;
				TargetAttributes = {
					873B254E28FE963C003E2516 = {
						CreatedOnToolsVersion = 13.3;
					};
				};
			};
			buildConfigurationList = 873B254A28FE963C003E2516 /* Build configuration list for PBXProject "tvApp2" */;
			compatibilityVersion = "Xcode 13.0";
			developmentRegion = en;
			hasScannedForEncodings = 0;
			knownRegions = (
				en,
				Base,
			);
			mainGroup = 873B254628FE963C003E2516;
			productRefGroup = 873B255028FE963D003E2516 /* Products */;
			projectDirPath = "";
			projectRoot = "";
			targets = (
				873B254E28FE963C003E2516 /* tvApp2 */,
			);
		};
/* End PBXProject section */

/* Begin PBXResourcesBuildPhase section */
		873B254D28FE963C003E2516 /* Resources */ = {
			isa = PBXResourcesBuildPhase;
			buildActionMask = 2147483647;
			files = (
				873B255A28FE963E003E2516 /* Preview Assets.xcassets in Resources */,
				873B255728FE963E003E2516 /* Assets.xcassets in Resources */,
			);
			runOnlyForDeploymentPostprocessing = 0;
		};
/* End PBXResourcesBuildPhase section */

/* Begin PBXSourcesBuildPhase section */
		873B254B28FE963C003E2516 /* Sources */ = {
			isa = PBXSourcesBuildPhase;
			buildActionMask = 2147483647;
			files = (
				873B255528FE963D003E2516 /* ContentView.swift in Sources */,
				873B255328FE963D003E2516 /* tvApp2App.swift in Sources */,
				873B256328FE9761003E2516 /* WRDString.swift in Sources */,
				873B256128FE96D7003E2516 /* Dictionary.swift in Sources */,
			);
			runOnlyForDeploymentPostprocessing = 0;
		};
/* End PBXSourcesBuildPhase section */

/* Begin XCBuildConfiguration section */
		873B255B28FE963E003E2516 /* Debug */ = {
			isa = XCBuildConfiguration;
			buildSettings = {
				ALWAYS_SEARCH_USER_PATHS = NO;
				CLANG_ANALYZER_NONNULL = YES;
				CLANG_ANALYZER_NUMBER_OBJECT_CONVERSION = YES_AGGRESSIVE;
				CLANG_CXX_LANGUAGE_STANDARD = "gnu++17";
				CLANG_ENABLE_MODULES = YES;
				CLANG_ENABLE_OBJC_ARC = YES;
				CLANG_ENABLE_OBJC_WEAK = YES;
				CLANG_WARN_BLOCK_CAPTURE_AUTORELEASING = YES;
				CLANG_WARN_BOOL_CONVERSION = YES;
				CLANG_WARN_COMMA = YES;
				CLANG_WARN_CONSTANT_CONVERSION = YES;
				CLANG_WARN_DEPRECATED_OBJC_IMPLEMENTATIONS = YES;
				CLANG_WARN_DIRECT_OBJC_ISA_USAGE = YES_ERROR;
				CLANG_WARN_DOCUMENTATION_COMMENTS = YES;
				CLANG_WARN_EMPTY_BODY = YES;
				CLANG_WARN_ENUM_CONVERSION = YES;
				CLANG_WARN_INFINITE_RECURSION = YES;
				CLANG_WARN_INT_CONVERSION = YES;
				CLANG_WARN_NON_LITERAL_NULL_CONVERSION = YES;
				CLANG_WARN_OBJC_IMPLICIT_RETAIN_SELF = YES;
				CLANG_WARN_OBJC_LITERAL_CONVERSION = YES;
				CLANG_WARN_OBJC_ROOT_CLASS = YES_ERROR;
				CLANG_WARN_QUOTED_INCLUDE_IN_FRAMEWORK_HEADER = YES;
				CLANG_WARN_RANGE_LOOP_ANALYSIS = YES;
				CLANG_WARN_STRICT_PROTOTYPES = YES;
				CLANG_WARN_SUSPICIOUS_MOVE = YES;
				CLANG_WARN_UNGUARDED_AVAILABILITY = YES_AGGRESSIVE;
				CLANG_WARN_UNREACHABLE_CODE = YES;
				CLANG_WARN__DUPLICATE_METHOD_MATCH = YES;
				COPY_PHASE_STRIP = NO;
				DEBUG_INFORMATION_FORMAT = dwarf;
				ENABLE_STRICT_OBJC_MSGSEND = YES;
				ENABLE_TESTABILITY = YES;
				GCC_C_LANGUAGE_STANDARD = gnu11;
				GCC_DYNAMIC_NO_PIC = NO;
				GCC_NO_COMMON_BLOCKS = YES;
				GCC_OPTIMIZATION_LEVEL = 0;
				GCC_PREPROCESSOR_DEFINITIONS = (
					"DEBUG=1",
					"$(inherited)",
				);
				GCC_WARN_64_TO_32_BIT_CONVERSION = YES;
				GCC_WARN_ABOUT_RETURN_TYPE = YES_ERROR;
				GCC_WARN_UNDECLARED_SELECTOR = YES;
				GCC_WARN_UNINITIALIZED_AUTOS = YES_AGGRESSIVE;
				GCC_WARN_UNUSED_FUNCTION = YES;
				GCC_WARN_UNUSED_VARIABLE = YES;
				MTL_ENABLE_DEBUG_INFO = INCLUDE_SOURCE;
				MTL_FAST_MATH = YES;
				ONLY_ACTIVE_ARCH = YES;
				SDKROOT = appletvos;
				SWIFT_ACTIVE_COMPILATION_CONDITIONS = DEBUG;
				SWIFT_OPTIMIZATION_LEVEL = "-Onone";
				TVOS_DEPLOYMENT_TARGET = 15.4;
			};
			name = Debug;
		};
		873B255C28FE963E003E2516 /* Release */ = {
			isa = XCBuildConfiguration;
			buildSettings = {
				ALWAYS_SEARCH_USER_PATHS = NO;
				CLANG_ANALYZER_NONNULL = YES;
				CLANG_ANALYZER_NUMBER_OBJECT_CONVERSION = YES_AGGRESSIVE;
				CLANG_CXX_LANGUAGE_STANDARD = "gnu++17";
				CLANG_ENABLE_MODULES = YES;
				CLANG_ENABLE_OBJC_ARC = YES;
				CLANG_ENABLE_OBJC_WEAK = YES;
				CLANG_WARN_BLOCK_CAPTURE_AUTORELEASING = YES;
				CLANG_WARN_BOOL_CONVERSION = YES;
				CLANG_WARN_COMMA = YES;
				CLANG_WARN_CONSTANT_CONVERSION = YES;
				CLANG_WARN_DEPRECATED_OBJC_IMPLEMENTATIONS = YES;
				CLANG_WARN_DIRECT_OBJC_ISA_USAGE = YES_ERROR;
				CLANG_WARN_DOCUMENTATION_COMMENTS = YES;
				CLANG_WARN_EMPTY_BODY = YES;
				CLANG_WARN_ENUM_CONVERSION = YES;
				CLANG_WARN_INFINITE_RECURSION = YES;
				CLANG_WARN_INT_CONVERSION = YES;
				CLANG_WARN_NON_LITERAL_NULL_CONVERSION = YES;
				CLANG_WARN_OBJC_IMPLICIT_RETAIN_SELF = YES;
				CLANG_WARN_OBJC_LITERAL_CONVERSION = YES;
				CLANG_WARN_OBJC_ROOT_CLASS = YES_ERROR;
				CLANG_WARN_QUOTED_INCLUDE_IN_FRAMEWORK_HEADER = YES;
				CLANG_WARN_RANGE_LOOP_ANALYSIS = YES;
				CLANG_WARN_STRICT_PROTOTYPES = YES;
				CLANG_WARN_SUSPICIOUS_MOVE = YES;
				CLANG_WARN_UNGUARDED_AVAILABILITY = YES_AGGRESSIVE;
				CLANG_WARN_UNREACHABLE_CODE = YES;
				CLANG_WARN__DUPLICATE_METHOD_MATCH = YES;
				COPY_PHASE_STRIP = NO;
				DEBUG_INFORMATION_FORMAT = "dwarf-with-dsym";
				ENABLE_NS_ASSERTIONS = NO;
				ENABLE_STRICT_OBJC_MSGSEND = YES;
				GCC_C_LANGUAGE_STANDARD = gnu11;
				GCC_NO_COMMON_BLOCKS = YES;
				GCC_WARN_64_TO_32_BIT_CONVERSION = YES;
				GCC_WARN_ABOUT_RETURN_TYPE = YES_ERROR;
				GCC_WARN_UNDECLARED_SELECTOR = YES;
				GCC_WARN_UNINITIALIZED_AUTOS = YES_AGGRESSIVE;
				GCC_WARN_UNUSED_FUNCTION = YES;
				GCC_WARN_UNUSED_VARIABLE = YES;
				MTL_ENABLE_DEBUG_INFO = NO;
				MTL_FAST_MATH = YES;
				SDKROOT = appletvos;
				SWIFT_COMPILATION_MODE = wholemodule;
				SWIFT_OPTIMIZATION_LEVEL = "-O";
				TVOS_DEPLOYMENT_TARGET = 15.4;
				VALIDATE_PRODUCT = YES;
			};
			name = Release;
		};
		873B255E28FE963E003E2516 /* Debug */ = {
			isa = XCBuildConfiguration;
			buildSettings = {
				ASSETCATALOG_COMPILER_APPICON_NAME = "App Icon & Top Shelf Image";
				ASSETCATALOG_COMPILER_GLOBAL_ACCENT_COLOR_NAME = AccentColor;
				CODE_SIGN_ENTITLEMENTS = tvApp2/tvApp2.entitlements;
				CODE_SIGN_STYLE = Automatic;
				CURRENT_PROJECT_VERSION = 1;
				DEVELOPMENT_ASSET_PATHS = "\"tvApp2/Preview Content\"";
				DEVELOPMENT_TEAM = 99RY7DMR6A;
				ENABLE_PREVIEWS = YES;
				GENERATE_INFOPLIST_FILE = YES;
				INFOPLIST_KEY_UILaunchScreen_Generation = YES;
				INFOPLIST_KEY_UIUserInterfaceStyle = Automatic;
				LD_RUNPATH_SEARCH_PATHS = (
					"$(inherited)",
					"@executable_path/Frameworks",
				);
				MARKETING_VERSION = 1.0;
				PRODUCT_BUNDLE_IDENTIFIER = com.klynt.tvApp2;
				PRODUCT_NAME = "$(TARGET_NAME)";
				SWIFT_EMIT_LOC_STRINGS = YES;
				SWIFT_VERSION = 5.0;
				TARGETED_DEVICE_FAMILY = 3;
			};
			name = Debug;
		};
		873B255F28FE963E003E2516 /* Release */ = {
			isa = XCBuildConfiguration;
			buildSettings = {
				ASSETCATALOG_COMPILER_APPICON_NAME = "App Icon & Top Shelf Image";
				ASSETCATALOG_COMPILER_GLOBAL_ACCENT_COLOR_NAME = AccentColor;
				CODE_SIGN_ENTITLEMENTS = tvApp2/tvApp2.entitlements;
				CODE_SIGN_STYLE = Automatic;
				CURRENT_PROJECT_VERSION = 1;
				DEVELOPMENT_ASSET_PATHS = "\"tvApp2/Preview Content\"";
				DEVELOPMENT_TEAM = 99RY7DMR6A;
				ENABLE_PREVIEWS = YES;
				GENERATE_INFOPLIST_FILE = YES;
				INFOPLIST_KEY_UILaunchScreen_Generation = YES;
				INFOPLIST_KEY_UIUserInterfaceStyle = Automatic;
				LD_RUNPATH_SEARCH_PATHS = (
					"$(inherited)",
					"@executable_path/Frameworks",
				);
				MARKETING_VERSION = 1.0;
				PRODUCT_BUNDLE_IDENTIFIER = com.klynt.tvApp2;
				PRODUCT_NAME = "$(TARGET_NAME)";
				SWIFT_EMIT_LOC_STRINGS = YES;
				SWIFT_VERSION = 5.0;
				TARGETED_DEVICE_FAMILY = 3;
			};
			name = Release;
		};
/* End XCBuildConfiguration section */

/* Begin XCConfigurationList section */
		873B254A28FE963C003E2516 /* Build configuration list for PBXProject "tvApp2" */ = {
			isa = XCConfigurationList;
			buildConfigurations = (
				873B255B28FE963E003E2516 /* Debug */,
				873B255C28FE963E003E2516 /* Release */,
			);
			defaultConfigurationIsVisible = 0;
			defaultConfigurationName = Release;
		};
		873B255D28FE963E003E2516 /* Build configuration list for PBXNativeTarget "tvApp2" */ = {
			isa = XCConfigurationList;
			buildConfigurations = (
				873B255E28FE963E003E2516 /* Debug */,
				873B255F28FE963E003E2516 /* Release */,
			);
			defaultConfigurationIsVisible = 0;
			defaultConfigurationName = Release;
		};
/* End XCConfigurationList section */
	};
	rootObject = 873B254728FE963C003E2516 /* Project object */;
}
